
Microsoft Visual Studio Solution File, Format Version 12.00
# Visual Studio Version 17
VisualStudioVersion = 17.12.35527.113
MinimumVisualStudioVersion = 10.0.40219.1
Project("{FAE04EC0-301F-11D3-BF4B-00C04F79EFBC}") = "PruebaApi", "PruebaApi\PruebaApi.csproj", "{39717C46-0C70-43EB-9A0A-6C05AD60FB58}"
EndProject
Project("{FAE04EC0-301F-11D3-BF4B-00C04F79EFBC}") = "Prueba.AppHost", "Prueba.AppHost\Prueba.AppHost.csproj", "{82B85E7C-4E1F-4FE8-A8B6-1BB752DBE36C}"
EndProject
Project("{FAE04EC0-301F-11D3-BF4B-00C04F79EFBC}") = "Prueba.ServiceDefaults", "Prueba.ServiceDefaults\Prueba.ServiceDefaults.csproj", "{2D0FB082-935E-6CED-D384-606C05BCD535}"
EndProject
Project("{FAE04EC0-301F-11D3-BF4B-00C04F79EFBC}") = "Frontend", "Frontend\Frontend.csproj", "{90CF18BE-437A-4804-9E85-213B3EBFA1C5}"
EndProject
Project("{FAE04EC0-301F-11D3-BF4B-00C04F79EFBC}") = "Domain", "Domain\Domain.csproj", "{2FD184DA-0468-4FC5-B46D-3A64C644356B}"
EndProject
Project("{FAE04EC0-301F-11D3-BF4B-00C04F79EFBC}") = "Application", "Application\Application.csproj", "{59575259-41C2-4360-A34B-4D50CD768C1B}"
EndProject
Project("{FAE04EC0-301F-11D3-BF4B-00C04F79EFBC}") = "Infrastructure", "Infrastructure\Infrastructure.csproj", "{4C49840B-5423-4E7A-B653-757B2FA8B7C8}"
EndProject
Global
	GlobalSection(SolutionConfigurationPlatforms) = preSolution
		Debug|Any CPU = Debug|Any CPU
		Release|Any CPU = Release|Any CPU
	EndGlobalSection
	GlobalSection(ProjectConfigurationPlatforms) = postSolution
		{39717C46-0C70-43EB-9A0A-6C05AD60FB58}.Debug|Any CPU.ActiveCfg = Debug|Any CPU
		{39717C46-0C70-43EB-9A0A-6C05AD60FB58}.Debug|Any CPU.Build.0 = Debug|Any CPU
		{39717C46-0C70-43EB-9A0A-6C05AD60FB58}.Release|Any CPU.ActiveCfg = Release|Any CPU
		{39717C46-0C70-43EB-9A0A-6C05AD60FB58}.Release|Any CPU.Build.0 = Release|Any CPU
		{82B85E7C-4E1F-4FE8-A8B6-1BB752DBE36C}.Debug|Any CPU.ActiveCfg = Debug|Any CPU
		{82B85E7C-4E1F-4FE8-A8B6-1BB752DBE36C}.Debug|Any CPU.Build.0 = Debug|Any CPU
		{82B85E7C-4E1F-4FE8-A8B6-1BB752DBE36C}.Release|Any CPU.ActiveCfg = Release|Any CPU
		{82B85E7C-4E1F-4FE8-A8B6-1BB752DBE36C}.Release|Any CPU.Build.0 = Release|Any CPU
		{2D0FB082-935E-6CED-D384-606C05BCD535}.Debug|Any CPU.ActiveCfg = Debug|Any CPU
		{2D0FB082-935E-6CED-D384-606C05BCD535}.Debug|Any CPU.Build.0 = Debug|Any CPU
		{2D0FB082-935E-6CED-D384-606C05BCD535}.Release|Any CPU.ActiveCfg = Release|Any CPU
		{2D0FB082-935E-6CED-D384-606C05BCD535}.Release|Any CPU.Build.0 = Release|Any CPU
		{90CF18BE-437A-4804-9E85-213B3EBFA1C5}.Debug|Any CPU.ActiveCfg = Debug|Any CPU
		{90CF18BE-437A-4804-9E85-213B3EBFA1C5}.Debug|Any CPU.Build.0 = Debug|Any CPU
		{90CF18BE-437A-4804-9E85-213B3EBFA1C5}.Release|Any CPU.ActiveCfg = Release|Any CPU
		{90CF18BE-437A-4804-9E85-213B3EBFA1C5}.Release|Any CPU.Build.0 = Release|Any CPU
		{2FD184DA-0468-4FC5-B46D-3A64C644356B}.Debug|Any CPU.ActiveCfg = Debug|Any CPU
		{2FD184DA-0468-4FC5-B46D-3A64C644356B}.Debug|Any CPU.Build.0 = Debug|Any CPU
		{2FD184DA-0468-4FC5-B46D-3A64C644356B}.Release|Any CPU.ActiveCfg = Release|Any CPU
		{2FD184DA-0468-4FC5-B46D-3A64C644356B}.Release|Any CPU.Build.0 = Release|Any CPU
		{59575259-41C2-4360-A34B-4D50CD768C1B}.Debug|Any CPU.ActiveCfg = Debug|Any CPU
		{59575259-41C2-4360-A34B-4D50CD768C1B}.Debug|Any CPU.Build.0 = Debug|Any CPU
		{59575259-41C2-4360-A34B-4D50CD768C1B}.Release|Any CPU.ActiveCfg = Release|Any CPU
		{59575259-41C2-4360-A34B-4D50CD768C1B}.Release|Any CPU.Build.0 = Release|Any CPU
		{4C49840B-5423-4E7A-B653-757B2FA8B7C8}.Debug|Any CPU.ActiveCfg = Debug|Any CPU
		{4C49840B-5423-4E7A-B653-757B2FA8B7C8}.Debug|Any CPU.Build.0 = Debug|Any CPU
		{4C49840B-5423-4E7A-B653-757B2FA8B7C8}.Release|Any CPU.ActiveCfg = Release|Any CPU
		{4C49840B-5423-4E7A-B653-757B2FA8B7C8}.Release|Any CPU.Build.0 = Release|Any CPU
	EndGlobalSection
	GlobalSection(SolutionProperties) = preSolution
		HideSolutionNode = FALSE
	EndGlobalSection
	GlobalSection(ExtensibilityGlobals) = postSolution
		SolutionGuid = {4984E4F7-7E32-4426-AB5F-F053295A4753}
	EndGlobalSection
EndGlobal
